Microsoft Visual Studio Solution File, Format Version 12.00
# Visual Studio Version 17
VisualStudioVersion = 17.5.2.0
MinimumVisualStudioVersion = 10.0.40219.1
Project("{FAE04EC0-301F-11D3-BF4B-00C04F79EFBC}") = "WorkingWithDates", "WorkingWithDates.csproj", "{440BF4AF-A3B6-78FC-C400-CFB3901FEAAB}"
EndProject
Global
	GlobalSection(SolutionConfigurationPlatforms) = preSolution
		Debug|Any CPU = Debug|Any CPU
		Release|Any CPU = Release|Any CPU
	EndGlobalSection
	GlobalSection(ProjectConfigurationPlatforms) = postSolution
		{440BF4AF-A3B6-78FC-C400-CFB3901FEAAB}.Debug|Any CPU.ActiveCfg = Debug|Any CPU
		{440BF4AF-A3B6-78FC-C400-CFB3901FEAAB}.Debug|Any CPU.Build.0 = Debug|Any CPU
		{440BF4AF-A3B6-78FC-C400-CFB3901FEAAB}.Release|Any CPU.ActiveCfg = Release|Any CPU
		{440BF4AF-A3B6-78FC-C400-CFB3901FEAAB}.Release|Any CPU.Build.0 = Release|Any CPU
	EndGlobalSection
	GlobalSection(SolutionProperties) = preSolution
		HideSolutionNode = FALSE
	EndGlobalSection
	GlobalSection(ExtensibilityGlobals) = postSolution
		SolutionGuid = {624C8E96-0B88-43DC-A30C-BBE9BF78F3DD}
	EndGlobalSection
EndGlobal
