Microsoft Visual Studio Solution File, Format Version 12.00
# Visual Studio Version 17
VisualStudioVersion = 17.5.2.0
MinimumVisualStudioVersion = 10.0.40219.1
Project("{FAE04EC0-301F-11D3-BF4B-00C04F79EFBC}") = "001-PersonPrj", "001-PersonPrj.csproj", "{729B48AA-3CD2-E603-8802-D75F7A25586F}"
EndProject
Global
	GlobalSection(SolutionConfigurationPlatforms) = preSolution
		Debug|Any CPU = Debug|Any CPU
		Release|Any CPU = Release|Any CPU
	EndGlobalSection
	GlobalSection(ProjectConfigurationPlatforms) = postSolution
		{729B48AA-3CD2-E603-8802-D75F7A25586F}.Debug|Any CPU.ActiveCfg = Debug|Any CPU
		{729B48AA-3CD2-E603-8802-D75F7A25586F}.Debug|Any CPU.Build.0 = Debug|Any CPU
		{729B48AA-3CD2-E603-8802-D75F7A25586F}.Release|Any CPU.ActiveCfg = Release|Any CPU
		{729B48AA-3CD2-E603-8802-D75F7A25586F}.Release|Any CPU.Build.0 = Release|Any CPU
	EndGlobalSection
	GlobalSection(SolutionProperties) = preSolution
		HideSolutionNode = FALSE
	EndGlobalSection
	GlobalSection(ExtensibilityGlobals) = postSolution
		SolutionGuid = {8B19CE1A-EE4B-4423-9E17-96CD878885DD}
	EndGlobalSection
EndGlobal
