Microsoft Visual Studio Solution File, Format Version 12.00
# Visual Studio Version 17
VisualStudioVersion = 17.5.2.0
MinimumVisualStudioVersion = 10.0.40219.1
Project("{FAE04EC0-301F-11D3-BF4B-00C04F79EFBC}") = "002-Project", "002-Project.csproj", "{1A4A3893-0A55-AADA-005B-B496D1ECFD25}"
EndProject
Global
	GlobalSection(SolutionConfigurationPlatforms) = preSolution
		Debug|Any CPU = Debug|Any CPU
		Release|Any CPU = Release|Any CPU
	EndGlobalSection
	GlobalSection(ProjectConfigurationPlatforms) = postSolution
		{1A4A3893-0A55-AADA-005B-B496D1ECFD25}.Debug|Any CPU.ActiveCfg = Debug|Any CPU
		{1A4A3893-0A55-AADA-005B-B496D1ECFD25}.Debug|Any CPU.Build.0 = Debug|Any CPU
		{1A4A3893-0A55-AADA-005B-B496D1ECFD25}.Release|Any CPU.ActiveCfg = Release|Any CPU
		{1A4A3893-0A55-AADA-005B-B496D1ECFD25}.Release|Any CPU.Build.0 = Release|Any CPU
	EndGlobalSection
	GlobalSection(SolutionProperties) = preSolution
		HideSolutionNode = FALSE
	EndGlobalSection
	GlobalSection(ExtensibilityGlobals) = postSolution
		SolutionGuid = {40CCA21C-7226-4C0B-BDC4-EF584DAC3BE8}
	EndGlobalSection
EndGlobal
